
Microsoft Visual Studio Solution File, Format Version 12.00
# Visual Studio Version 16
VisualStudioVersion = 16.0.30907.101
MinimumVisualStudioVersion = 10.0.40219.1
Project("{FAE04EC0-301F-11D3-BF4B-00C04F79EFBC}") = "JsonStorager", "JsonStorager.csproj", "{72B87297-FD85-4A3C-9271-6A0FEF2A19DB}"
EndProject
Global
	GlobalSection(SolutionConfigurationPlatforms) = preSolution
		Debug|Any CPU = Debug|Any CPU
		Release|Any CPU = Release|Any CPU
	EndGlobalSection
	GlobalSection(ProjectConfigurationPlatforms) = postSolution
		{72B87297-FD85-4A3C-9271-6A0FEF2A19DB}.Debug|Any CPU.ActiveCfg = Debug|Any CPU
		{72B87297-FD85-4A3C-9271-6A0FEF2A19DB}.Debug|Any CPU.Build.0 = Debug|Any CPU
		{72B87297-FD85-4A3C-9271-6A0FEF2A19DB}.Release|Any CPU.ActiveCfg = Release|Any CPU
		{72B87297-FD85-4A3C-9271-6A0FEF2A19DB}.Release|Any CPU.Build.0 = Release|Any CPU
	EndGlobalSection
	GlobalSection(SolutionProperties) = preSolution
		HideSolutionNode = FALSE
	EndGlobalSection
	GlobalSection(ExtensibilityGlobals) = postSolution
		SolutionGuid = {2513BD17-0991-4769-936D-32800FCE06B7}
	EndGlobalSection
EndGlobal
